
Microsoft Visual Studio Solution File, Format Version 12.00
# Visual Studio Version 16
VisualStudioVersion = 16.0.29102.190
MinimumVisualStudioVersion = 10.0.40219.1
Project("{FAE04EC0-301F-11D3-BF4B-00C04F79EFBC}") = "Ex6AManipulateArrays", "Ex6AManipulateArrays\Ex6AManipulateArrays.csproj", "{3D3CB7A7-DD59-46D1-AF5D-2B951269D087}"
EndProject
Global
	GlobalSection(SolutionConfigurationPlatforms) = preSolution
		Debug|Any CPU = Debug|Any CPU
		Release|Any CPU = Release|Any CPU
	EndGlobalSection
	GlobalSection(ProjectConfigurationPlatforms) = postSolution
		{3D3CB7A7-DD59-46D1-AF5D-2B951269D087}.Debug|Any CPU.ActiveCfg = Debug|Any CPU
		{3D3CB7A7-DD59-46D1-AF5D-2B951269D087}.Debug|Any CPU.Build.0 = Debug|Any CPU
		{3D3CB7A7-DD59-46D1-AF5D-2B951269D087}.Release|Any CPU.ActiveCfg = Release|Any CPU
		{3D3CB7A7-DD59-46D1-AF5D-2B951269D087}.Release|Any CPU.Build.0 = Release|Any CPU
	EndGlobalSection
	GlobalSection(SolutionProperties) = preSolution
		HideSolutionNode = FALSE
	EndGlobalSection
	GlobalSection(ExtensibilityGlobals) = postSolution
		SolutionGuid = {7C2141F7-3485-4260-A3CF-B3E32C26881D}
	EndGlobalSection
EndGlobal
